// !$*UTF8*$!
{
	archiveVersion = 1;
	classes = {
	};
	objectVersion = 56;
	objects = {

/* Begin PBXBuildFile section */
		CE1B0FAB2BBD91AC00214119 /* AppDelegate.swift in Sources */ = {isa = PBXBuildFile; fileRef = CE1B0FAA2BBD91AC00214119 /* AppDelegate.swift */; };
		CE1B0FAD2BBD91AC00214119 /* SceneDelegate.swift in Sources */ = {isa = PBXBuildFile; fileRef = CE1B0FAC2BBD91AC00214119 /* SceneDelegate.swift */; };
		CE1B0FAF2BBD91AC00214119 /* ContainerViewController.swift in Sources */ = {isa = PBXBuildFile; fileRef = CE1B0FAE2BBD91AC00214119 /* ContainerViewController.swift */; };
		CE1B0FB42BBD91AD00214119 /* Assets.xcassets in Resources */ = {isa = PBXBuildFile; fileRef = CE1B0FB32BBD91AD00214119 /* Assets.xcassets */; };
		CE1B0FB72BBD91AD00214119 /* Base in Resources */ = {isa = PBXBuildFile; fileRef = CE1B0FB62BBD91AD00214119 /* Base */; };
		CE1B0FC02BBD92CD00214119 /* MenuViewController.swift in Sources */ = {isa = PBXBuildFile; fileRef = CE1B0FBF2BBD92CD00214119 /* MenuViewController.swift */; };
		CE1B0FC22BBD92F700214119 /* HomeViewController.swift in Sources */ = {isa = PBXBuildFile; fileRef = CE1B0FC12BBD92F700214119 /* HomeViewController.swift */; };
		CE1B0FC52BBD933100214119 /* WeatherViewController.swift in Sources */ = {isa = PBXBuildFile; fileRef = CE1B0FC42BBD933100214119 /* WeatherViewController.swift */; };
		CE1B0FC72BBD933A00214119 /* CountryListViewController.swift in Sources */ = {isa = PBXBuildFile; fileRef = CE1B0FC62BBD933A00214119 /* CountryListViewController.swift */; };
		CE1B0FC92BBD934100214119 /* Task3ViewController.swift in Sources */ = {isa = PBXBuildFile; fileRef = CE1B0FC82BBD934100214119 /* Task3ViewController.swift */; };
		CE26D7FF2BE371EF00D30A64 /* CachingService .swift in Sources */ = {isa = PBXBuildFile; fileRef = CE26D7FE2BE371EF00D30A64 /* CachingService .swift */; };
		CE26D8012BE3930300D30A64 /* DetailCountryProvider.swift in Sources */ = {isa = PBXBuildFile; fileRef = CE26D8002BE3930300D30A64 /* DetailCountryProvider.swift */; };
		CE560A532BC5667B00E0CEE7 /* Alamofire in Frameworks */ = {isa = PBXBuildFile; productRef = CE560A522BC5667B00E0CEE7 /* Alamofire */; };
		CE61DCB22BCEB24E00DAC72A /* DI.swift in Sources */ = {isa = PBXBuildFile; fileRef = CE61DCB12BCEB24E00DAC72A /* DI.swift */; };
		CE61DCB42BCEB44300DAC72A /* Coordinator .swift in Sources */ = {isa = PBXBuildFile; fileRef = CE61DCB32BCEB44300DAC72A /* Coordinator .swift */; };
		CE61DCB62BCEB4F800DAC72A /* Router.swift in Sources */ = {isa = PBXBuildFile; fileRef = CE61DCB52BCEB4F800DAC72A /* Router.swift */; };
		CE61DCB82BCEB51600DAC72A /* ApplicationCoordinator.swift in Sources */ = {isa = PBXBuildFile; fileRef = CE61DCB72BCEB51600DAC72A /* ApplicationCoordinator.swift */; };
		CE61DCBA2BCEB67200DAC72A /* MenuCoordinator.swift in Sources */ = {isa = PBXBuildFile; fileRef = CE61DCB92BCEB67200DAC72A /* MenuCoordinator.swift */; };
		CE66DC392C048519005CE512 /* CoordinatesDataModel.xcdatamodeld in Sources */ = {isa = PBXBuildFile; fileRef = CE66DC372C048519005CE512 /* CoordinatesDataModel.xcdatamodeld */; };
		CE66DC3B2C0489E2005CE512 /* GeolocationProvider.swift in Sources */ = {isa = PBXBuildFile; fileRef = CE66DC3A2C0489E2005CE512 /* GeolocationProvider.swift */; };
		CE66DC3D2C048A69005CE512 /* Coordinates.swift in Sources */ = {isa = PBXBuildFile; fileRef = CE66DC3C2C048A69005CE512 /* Coordinates.swift */; };
		CE736B812BDA621A0060E4F1 /* CountryDataModel.xcdatamodeld in Sources */ = {isa = PBXBuildFile; fileRef = CE736B7F2BDA621A0060E4F1 /* CountryDataModel.xcdatamodeld */; };
		CE736B832BDA63910060E4F1 /* CoreDataService.swift in Sources */ = {isa = PBXBuildFile; fileRef = CE736B822BDA63910060E4F1 /* CoreDataService.swift */; };
		CE736B852BDB91370060E4F1 /* Extension + Int.swift in Sources */ = {isa = PBXBuildFile; fileRef = CE736B842BDB91370060E4F1 /* Extension + Int.swift */; };
		CE736B872BDB91F80060E4F1 /* Extension + UITableViewCell .swift in Sources */ = {isa = PBXBuildFile; fileRef = CE736B862BDB91F80060E4F1 /* Extension + UITableViewCell .swift */; };
		CE736B892BDB922E0060E4F1 /* Extension + UICollectionViewCell .swift in Sources */ = {isa = PBXBuildFile; fileRef = CE736B882BDB922E0060E4F1 /* Extension + UICollectionViewCell .swift */; };
		CE9CF1782BFF377D005B8416 /* GeolocationViewController.swift in Sources */ = {isa = PBXBuildFile; fileRef = CE9CF1772BFF377D005B8416 /* GeolocationViewController.swift */; };
		CEABBA3C2C085E660031C27C /* DeeplinkHandlerProtocol.swift in Sources */ = {isa = PBXBuildFile; fileRef = CEABBA3B2C085E660031C27C /* DeeplinkHandlerProtocol.swift */; };
		CEABBA3E2C085F030031C27C /* DeeplinkCoordinator.swift in Sources */ = {isa = PBXBuildFile; fileRef = CEABBA3D2C085F030031C27C /* DeeplinkCoordinator.swift */; };
		CEABBA402C0862ED0031C27C /* CarsDeeplinkHandler.swift in Sources */ = {isa = PBXBuildFile; fileRef = CEABBA3F2C0862ED0031C27C /* CarsDeeplinkHandler.swift */; };
		CEABBA422C0884C50031C27C /* CarsListViewController .swift in Sources */ = {isa = PBXBuildFile; fileRef = CEABBA412C0884C50031C27C /* CarsListViewController .swift */; };
		CEABBA442C08919B0031C27C /* CarTableViewCell.swift in Sources */ = {isa = PBXBuildFile; fileRef = CEABBA432C08919B0031C27C /* CarTableViewCell.swift */; };
		CEABBA462C08A2F60031C27C /* DetailCarInfoViewController.swift in Sources */ = {isa = PBXBuildFile; fileRef = CEABBA452C08A2F60031C27C /* DetailCarInfoViewController.swift */; };
		CEBB27DC2BC401EA00076C3F /* CoverView.swift in Sources */ = {isa = PBXBuildFile; fileRef = CEBB27DB2BC401EA00076C3F /* CoverView.swift */; };
		CEBDC12B2BD65FEE00458148 /* DetailCountryViewController .swift in Sources */ = {isa = PBXBuildFile; fileRef = CEBDC12A2BD65FEE00458148 /* DetailCountryViewController .swift */; };
		CEBDC12E2BD663E800458148 /* Foundation .swift in Sources */ = {isa = PBXBuildFile; fileRef = CEBDC12D2BD663E800458148 /* Foundation .swift */; };
		CEBDC1302BD66C7900458148 /* DetailCountryCollectionViewCell.swift in Sources */ = {isa = PBXBuildFile; fileRef = CEBDC12F2BD66C7900458148 /* DetailCountryCollectionViewCell.swift */; };
		CEBDC1322BD6742600458148 /* CountryBottomSheetController.swift in Sources */ = {isa = PBXBuildFile; fileRef = CEBDC1312BD6742600458148 /* CountryBottomSheetController.swift */; };
		CEBF8CD92BD28946003D9B70 /* CountryListTableViewCell.swift in Sources */ = {isa = PBXBuildFile; fileRef = CEBF8CD82BD28946003D9B70 /* CountryListTableViewCell.swift */; };
		CED8C4552BD7A1F1000890A5 /* Configuration .swift in Sources */ = {isa = PBXBuildFile; fileRef = CED8C4542BD7A1F1000890A5 /* Configuration .swift */; };
		CED8C4572BD7A234000890A5 /* CountriesConfiguration .swift in Sources */ = {isa = PBXBuildFile; fileRef = CED8C4562BD7A234000890A5 /* CountriesConfiguration .swift */; };
		CED8C45B2BD7AC95000890A5 /* RequestBuilder .swift in Sources */ = {isa = PBXBuildFile; fileRef = CED8C45A2BD7AC95000890A5 /* RequestBuilder .swift */; };
		CED8C45F2BD7C493000890A5 /* CountriesApiClient.swift in Sources */ = {isa = PBXBuildFile; fileRef = CED8C45E2BD7C493000890A5 /* CountriesApiClient.swift */; };
		CED8C4632BD7CEAE000890A5 /* CountryList.swift in Sources */ = {isa = PBXBuildFile; fileRef = CED8C4622BD7CEAE000890A5 /* CountryList.swift */; };
		CED8C4662BD7D761000890A5 /* Extension + UIImageView .swift in Sources */ = {isa = PBXBuildFile; fileRef = CED8C4652BD7D761000890A5 /* Extension + UIImageView .swift */; };
		CED8C4692BD7F2CE000890A5 /* CountriesProvider.swift in Sources */ = {isa = PBXBuildFile; fileRef = CED8C4682BD7F2CE000890A5 /* CountriesProvider.swift */; };
		CEE852ED2C075E8E00428AD4 /* CarView .swift in Sources */ = {isa = PBXBuildFile; fileRef = CEE852EC2C075E8E00428AD4 /* CarView .swift */; };
		CEE852EF2C0771E800428AD4 /* BmwViewController.swift in Sources */ = {isa = PBXBuildFile; fileRef = CEE852EE2C0771E800428AD4 /* BmwViewController.swift */; };
		CEE852F12C077A6A00428AD4 /* CarModel.swift in Sources */ = {isa = PBXBuildFile; fileRef = CEE852F02C077A6A00428AD4 /* CarModel.swift */; };
		CEE852F32C077D9200428AD4 /* AudiViewController.swift in Sources */ = {isa = PBXBuildFile; fileRef = CEE852F22C077D9200428AD4 /* AudiViewController.swift */; };
		CEF505D82BC66BC00087406E /* WeatherNetworkManager.swift in Sources */ = {isa = PBXBuildFile; fileRef = CEF505D72BC66BC00087406E /* WeatherNetworkManager.swift */; };
		CEF505DA2BC66C340087406E /* Config.plist in Resources */ = {isa = PBXBuildFile; fileRef = CEF505D92BC66C340087406E /* Config.plist */; };
		CEF505DD2BC691650087406E /* WeatherData.swift in Sources */ = {isa = PBXBuildFile; fileRef = CEF505DC2BC691650087406E /* WeatherData.swift */; };
		CEF505DF2BC6A1660087406E /* WeatherInfo.swift in Sources */ = {isa = PBXBuildFile; fileRef = CEF505DE2BC6A1660087406E /* WeatherInfo.swift */; };
		CEF505E22BC6C2020087406E /* SnapKit in Frameworks */ = {isa = PBXBuildFile; productRef = CEF505E12BC6C2020087406E /* SnapKit */; };
/* End PBXBuildFile section */

/* Begin PBXFileReference section */
		CE1B0FA72BBD91AC00214119 /* TasksApp.app */ = {isa = PBXFileReference; explicitFileType = wrapper.application; includeInIndex = 0; path = TasksApp.app; sourceTree = BUILT_PRODUCTS_DIR; };
		CE1B0FAA2BBD91AC00214119 /* AppDelegate.swift */ = {isa = PBXFileReference; lastKnownFileType = sourcecode.swift; path = AppDelegate.swift; sourceTree = "<group>"; };
		CE1B0FAC2BBD91AC00214119 /* SceneDelegate.swift */ = {isa = PBXFileReference; lastKnownFileType = sourcecode.swift; path = SceneDelegate.swift; sourceTree = "<group>"; };
		CE1B0FAE2BBD91AC00214119 /* ContainerViewController.swift */ = {isa = PBXFileReference; lastKnownFileType = sourcecode.swift; path = ContainerViewController.swift; sourceTree = "<group>"; };
		CE1B0FB32BBD91AD00214119 /* Assets.xcassets */ = {isa = PBXFileReference; lastKnownFileType = folder.assetcatalog; path = Assets.xcassets; sourceTree = "<group>"; };
		CE1B0FB62BBD91AD00214119 /* Base */ = {isa = PBXFileReference; lastKnownFileType = file.storyboard; name = Base; path = Base.lproj/LaunchScreen.storyboard; sourceTree = "<group>"; };
		CE1B0FB82BBD91AD00214119 /* Info.plist */ = {isa = PBXFileReference; lastKnownFileType = text.plist.xml; path = Info.plist; sourceTree = "<group>"; };
		CE1B0FBF2BBD92CD00214119 /* MenuViewController.swift */ = {isa = PBXFileReference; lastKnownFileType = sourcecode.swift; path = MenuViewController.swift; sourceTree = "<group>"; };
		CE1B0FC12BBD92F700214119 /* HomeViewController.swift */ = {isa = PBXFileReference; lastKnownFileType = sourcecode.swift; path = HomeViewController.swift; sourceTree = "<group>"; };
		CE1B0FC42BBD933100214119 /* WeatherViewController.swift */ = {isa = PBXFileReference; lastKnownFileType = sourcecode.swift; path = WeatherViewController.swift; sourceTree = "<group>"; };
		CE1B0FC62BBD933A00214119 /* CountryListViewController.swift */ = {isa = PBXFileReference; lastKnownFileType = sourcecode.swift; path = CountryListViewController.swift; sourceTree = "<group>"; };
		CE1B0FC82BBD934100214119 /* Task3ViewController.swift */ = {isa = PBXFileReference; lastKnownFileType = sourcecode.swift; path = Task3ViewController.swift; sourceTree = "<group>"; };
		CE26D7FE2BE371EF00D30A64 /* CachingService .swift */ = {isa = PBXFileReference; lastKnownFileType = sourcecode.swift; path = "CachingService .swift"; sourceTree = "<group>"; };
		CE26D8002BE3930300D30A64 /* DetailCountryProvider.swift */ = {isa = PBXFileReference; lastKnownFileType = sourcecode.swift; path = DetailCountryProvider.swift; sourceTree = "<group>"; };
		CE61DCB12BCEB24E00DAC72A /* DI.swift */ = {isa = PBXFileReference; lastKnownFileType = sourcecode.swift; path = DI.swift; sourceTree = "<group>"; };
		CE61DCB32BCEB44300DAC72A /* Coordinator .swift */ = {isa = PBXFileReference; lastKnownFileType = sourcecode.swift; path = "Coordinator .swift"; sourceTree = "<group>"; };
		CE61DCB52BCEB4F800DAC72A /* Router.swift */ = {isa = PBXFileReference; lastKnownFileType = sourcecode.swift; path = Router.swift; sourceTree = "<group>"; };
		CE61DCB72BCEB51600DAC72A /* ApplicationCoordinator.swift */ = {isa = PBXFileReference; lastKnownFileType = sourcecode.swift; path = ApplicationCoordinator.swift; sourceTree = "<group>"; };
		CE61DCB92BCEB67200DAC72A /* MenuCoordinator.swift */ = {isa = PBXFileReference; lastKnownFileType = sourcecode.swift; path = MenuCoordinator.swift; sourceTree = "<group>"; };
		CE66DC382C048519005CE512 /* CoordinatesDataModel.xcdatamodel */ = {isa = PBXFileReference; lastKnownFileType = wrapper.xcdatamodel; path = CoordinatesDataModel.xcdatamodel; sourceTree = "<group>"; };
		CE66DC3A2C0489E2005CE512 /* GeolocationProvider.swift */ = {isa = PBXFileReference; lastKnownFileType = sourcecode.swift; path = GeolocationProvider.swift; sourceTree = "<group>"; };
		CE66DC3C2C048A69005CE512 /* Coordinates.swift */ = {isa = PBXFileReference; lastKnownFileType = sourcecode.swift; path = Coordinates.swift; sourceTree = "<group>"; };
		CE736B802BDA621A0060E4F1 /* CountryDataModel.xcdatamodel */ = {isa = PBXFileReference; lastKnownFileType = wrapper.xcdatamodel; path = CountryDataModel.xcdatamodel; sourceTree = "<group>"; };
		CE736B822BDA63910060E4F1 /* CoreDataService.swift */ = {isa = PBXFileReference; lastKnownFileType = sourcecode.swift; path = CoreDataService.swift; sourceTree = "<group>"; };
		CE736B842BDB91370060E4F1 /* Extension + Int.swift */ = {isa = PBXFileReference; lastKnownFileType = sourcecode.swift; path = "Extension + Int.swift"; sourceTree = "<group>"; };
		CE736B862BDB91F80060E4F1 /* Extension + UITableViewCell .swift */ = {isa = PBXFileReference; lastKnownFileType = sourcecode.swift; path = "Extension + UITableViewCell .swift"; sourceTree = "<group>"; };
		CE736B882BDB922E0060E4F1 /* Extension + UICollectionViewCell .swift */ = {isa = PBXFileReference; lastKnownFileType = sourcecode.swift; path = "Extension + UICollectionViewCell .swift"; sourceTree = "<group>"; };
		CE9CF1772BFF377D005B8416 /* GeolocationViewController.swift */ = {isa = PBXFileReference; lastKnownFileType = sourcecode.swift; path = GeolocationViewController.swift; sourceTree = "<group>"; };
		CEABBA3B2C085E660031C27C /* DeeplinkHandlerProtocol.swift */ = {isa = PBXFileReference; lastKnownFileType = sourcecode.swift; path = DeeplinkHandlerProtocol.swift; sourceTree = "<group>"; };
		CEABBA3D2C085F030031C27C /* DeeplinkCoordinator.swift */ = {isa = PBXFileReference; lastKnownFileType = sourcecode.swift; path = DeeplinkCoordinator.swift; sourceTree = "<group>"; };
		CEABBA3F2C0862ED0031C27C /* CarsDeeplinkHandler.swift */ = {isa = PBXFileReference; lastKnownFileType = sourcecode.swift; path = CarsDeeplinkHandler.swift; sourceTree = "<group>"; };
		CEABBA412C0884C50031C27C /* CarsListViewController .swift */ = {isa = PBXFileReference; lastKnownFileType = sourcecode.swift; path = "CarsListViewController .swift"; sourceTree = "<group>"; };
		CEABBA432C08919B0031C27C /* CarTableViewCell.swift */ = {isa = PBXFileReference; lastKnownFileType = sourcecode.swift; path = CarTableViewCell.swift; sourceTree = "<group>"; };
		CEABBA452C08A2F60031C27C /* DetailCarInfoViewController.swift */ = {isa = PBXFileReference; lastKnownFileType = sourcecode.swift; path = DetailCarInfoViewController.swift; sourceTree = "<group>"; };
		CEBB27DB2BC401EA00076C3F /* CoverView.swift */ = {isa = PBXFileReference; lastKnownFileType = sourcecode.swift; path = CoverView.swift; sourceTree = "<group>"; };
		CEBDC12A2BD65FEE00458148 /* DetailCountryViewController .swift */ = {isa = PBXFileReference; lastKnownFileType = sourcecode.swift; path = "DetailCountryViewController .swift"; sourceTree = "<group>"; };
		CEBDC12D2BD663E800458148 /* Foundation .swift */ = {isa = PBXFileReference; lastKnownFileType = sourcecode.swift; path = "Foundation .swift"; sourceTree = "<group>"; };
		CEBDC12F2BD66C7900458148 /* DetailCountryCollectionViewCell.swift */ = {isa = PBXFileReference; lastKnownFileType = sourcecode.swift; path = DetailCountryCollectionViewCell.swift; sourceTree = "<group>"; };
		CEBDC1312BD6742600458148 /* CountryBottomSheetController.swift */ = {isa = PBXFileReference; lastKnownFileType = sourcecode.swift; path = CountryBottomSheetController.swift; sourceTree = "<group>"; };
		CEBF8CD82BD28946003D9B70 /* CountryListTableViewCell.swift */ = {isa = PBXFileReference; lastKnownFileType = sourcecode.swift; path = CountryListTableViewCell.swift; sourceTree = "<group>"; };
		CED8C4542BD7A1F1000890A5 /* Configuration .swift */ = {isa = PBXFileReference; lastKnownFileType = sourcecode.swift; path = "Configuration .swift"; sourceTree = "<group>"; };
		CED8C4562BD7A234000890A5 /* CountriesConfiguration .swift */ = {isa = PBXFileReference; lastKnownFileType = sourcecode.swift; path = "CountriesConfiguration .swift"; sourceTree = "<group>"; };
		CED8C45A2BD7AC95000890A5 /* RequestBuilder .swift */ = {isa = PBXFileReference; lastKnownFileType = sourcecode.swift; path = "RequestBuilder .swift"; sourceTree = "<group>"; };
		CED8C45E2BD7C493000890A5 /* CountriesApiClient.swift */ = {isa = PBXFileReference; lastKnownFileType = sourcecode.swift; path = CountriesApiClient.swift; sourceTree = "<group>"; };
		CED8C4622BD7CEAE000890A5 /* CountryList.swift */ = {isa = PBXFileReference; lastKnownFileType = sourcecode.swift; path = CountryList.swift; sourceTree = "<group>"; };
		CED8C4652BD7D761000890A5 /* Extension + UIImageView .swift */ = {isa = PBXFileReference; lastKnownFileType = sourcecode.swift; path = "Extension + UIImageView .swift"; sourceTree = "<group>"; };
		CED8C4682BD7F2CE000890A5 /* CountriesProvider.swift */ = {isa = PBXFileReference; lastKnownFileType = sourcecode.swift; path = CountriesProvider.swift; sourceTree = "<group>"; };
		CEE852EC2C075E8E00428AD4 /* CarView .swift */ = {isa = PBXFileReference; lastKnownFileType = sourcecode.swift; path = "CarView .swift"; sourceTree = "<group>"; };
		CEE852EE2C0771E800428AD4 /* BmwViewController.swift */ = {isa = PBXFileReference; lastKnownFileType = sourcecode.swift; path = BmwViewController.swift; sourceTree = "<group>"; };
		CEE852F02C077A6A00428AD4 /* CarModel.swift */ = {isa = PBXFileReference; lastKnownFileType = sourcecode.swift; path = CarModel.swift; sourceTree = "<group>"; };
		CEE852F22C077D9200428AD4 /* AudiViewController.swift */ = {isa = PBXFileReference; lastKnownFileType = sourcecode.swift; path = AudiViewController.swift; sourceTree = "<group>"; };
		CEF505D72BC66BC00087406E /* WeatherNetworkManager.swift */ = {isa = PBXFileReference; lastKnownFileType = sourcecode.swift; path = WeatherNetworkManager.swift; sourceTree = "<group>"; };
		CEF505D92BC66C340087406E /* Config.plist */ = {isa = PBXFileReference; lastKnownFileType = text.plist.xml; path = Config.plist; sourceTree = "<group>"; };
		CEF505DC2BC691650087406E /* WeatherData.swift */ = {isa = PBXFileReference; lastKnownFileType = sourcecode.swift; path = WeatherData.swift; sourceTree = "<group>"; };
		CEF505DE2BC6A1660087406E /* WeatherInfo.swift */ = {isa = PBXFileReference; lastKnownFileType = sourcecode.swift; path = WeatherInfo.swift; sourceTree = "<group>"; };
/* End PBXFileReference section */

/* Begin PBXFrameworksBuildPhase section */
		CE1B0FA42BBD91AC00214119 /* Frameworks */ = {
			isa = PBXFrameworksBuildPhase;
			buildActionMask = 2147483647;
			files = (
				CE560A532BC5667B00E0CEE7 /* Alamofire in Frameworks */,
				CEF505E22BC6C2020087406E /* SnapKit in Frameworks */,
			);
			runOnlyForDeploymentPostprocessing = 0;
		};
/* End PBXFrameworksBuildPhase section */

/* Begin PBXGroup section */
		CE1B0F9E2BBD91AC00214119 = {
			isa = PBXGroup;
			children = (
				CE1B0FA92BBD91AC00214119 /* TasksApp */,
				CE1B0FA82BBD91AC00214119 /* Products */,
			);
			sourceTree = "<group>";
		};
		CE1B0FA82BBD91AC00214119 /* Products */ = {
			isa = PBXGroup;
			children = (
				CE1B0FA72BBD91AC00214119 /* TasksApp.app */,
			);
			name = Products;
			sourceTree = "<group>";
		};
		CE1B0FA92BBD91AC00214119 /* TasksApp */ = {
			isa = PBXGroup;
			children = (
				CE61DC892BCE618F00DAC72A /* Application */,
				CE61DC8A2BCE61A300DAC72A /* Library  */,
				CE61DC8B2BCE61BF00DAC72A /* Configuration */,
				CE61DC972BCE6AAA00DAC72A /* Resources */,
			);
			path = TasksApp;
			sourceTree = "<group>";
		};
		CE61DC892BCE618F00DAC72A /* Application */ = {
			isa = PBXGroup;
			children = (
				CE1B0FAA2BBD91AC00214119 /* AppDelegate.swift */,
				CE1B0FAC2BBD91AC00214119 /* SceneDelegate.swift */,
				CE61DC8C2BCE62AA00DAC72A /* DI */,
				CE61DC8D2BCE62B000DAC72A /* UI */,
				CEF505DB2BC6914A0087406E /* Model */,
			);
			path = Application;
			sourceTree = "<group>";
		};
		CE61DC8A2BCE61A300DAC72A /* Library  */ = {
			isa = PBXGroup;
			children = (
				CED8C4642BD7D749000890A5 /* Extensions */,
				CEBDC12C2BD663D300458148 /* Types */,
				CE61DC902BCE634700DAC72A /* Coordinator */,
			);
			path = "Library ";
			sourceTree = "<group>";
		};
		CE61DC8B2BCE61BF00DAC72A /* Configuration */ = {
			isa = PBXGroup;
			children = (
				CE1B0FB82BBD91AD00214119 /* Info.plist */,
				CEF505D92BC66C340087406E /* Config.plist */,
				CED8C4542BD7A1F1000890A5 /* Configuration .swift */,
				CED8C4562BD7A234000890A5 /* CountriesConfiguration .swift */,
			);
			path = Configuration;
			sourceTree = "<group>";
		};
		CE61DC8C2BCE62AA00DAC72A /* DI */ = {
			isa = PBXGroup;
			children = (
				CE61DCB12BCEB24E00DAC72A /* DI.swift */,
			);
			path = DI;
			sourceTree = "<group>";
		};
		CE61DC8D2BCE62B000DAC72A /* UI */ = {
			isa = PBXGroup;
			children = (
				CE61DC8F2BCE62EB00DAC72A /* Coordinators */,
				CE61DC8E2BCE62E400DAC72A /* Screens */,
				CEBB27DA2BC401A800076C3F /* Views */,
			);
			path = UI;
			sourceTree = "<group>";
		};
		CE61DC8E2BCE62E400DAC72A /* Screens */ = {
			isa = PBXGroup;
			children = (
				CE61DC912BCE640800DAC72A /* Menu */,
				CE61DC922BCE642E00DAC72A /* Weather */,
				CE61DC932BCE695B00DAC72A /* Country */,
				CE61DC942BCE696400DAC72A /* Task3 */,
				CE9CF1762BFF3735005B8416 /* Geolocation */,
				CEE852EB2C07524200428AD4 /* CarsDeeplink */,
			);
			path = Screens;
			sourceTree = "<group>";
		};
		CE61DC8F2BCE62EB00DAC72A /* Coordinators */ = {
			isa = PBXGroup;
			children = (
				CE61DCB72BCEB51600DAC72A /* ApplicationCoordinator.swift */,
				CE61DCB92BCEB67200DAC72A /* MenuCoordinator.swift */,
			);
			path = Coordinators;
			sourceTree = "<group>";
		};
		CE61DC902BCE634700DAC72A /* Coordinator */ = {
			isa = PBXGroup;
			children = (
				CE61DCB32BCEB44300DAC72A /* Coordinator .swift */,
				CE61DCB52BCEB4F800DAC72A /* Router.swift */,
			);
			path = Coordinator;
			sourceTree = "<group>";
		};
		CE61DC912BCE640800DAC72A /* Menu */ = {
			isa = PBXGroup;
			children = (
				CE1B0FAE2BBD91AC00214119 /* ContainerViewController.swift */,
				CE1B0FBF2BBD92CD00214119 /* MenuViewController.swift */,
				CE1B0FC12BBD92F700214119 /* HomeViewController.swift */,
			);
			path = Menu;
			sourceTree = "<group>";
		};
		CE61DC922BCE642E00DAC72A /* Weather */ = {
			isa = PBXGroup;
			children = (
				CE1B0FC42BBD933100214119 /* WeatherViewController.swift */,
			);
			path = Weather;
			sourceTree = "<group>";
		};
		CE61DC932BCE695B00DAC72A /* Country */ = {
			isa = PBXGroup;
			children = (
				CE1B0FC62BBD933A00214119 /* CountryListViewController.swift */,
				CEBDC12A2BD65FEE00458148 /* DetailCountryViewController .swift */,
				CEBDC1312BD6742600458148 /* CountryBottomSheetController.swift */,
			);
			path = Country;
			sourceTree = "<group>";
		};
		CE61DC942BCE696400DAC72A /* Task3 */ = {
			isa = PBXGroup;
			children = (
				CE1B0FC82BBD934100214119 /* Task3ViewController.swift */,
			);
			path = Task3;
			sourceTree = "<group>";
		};
		CE61DC952BCE69FA00DAC72A /* Entity */ = {
			isa = PBXGroup;
			children = (
				CE61DC962BCE6A0B00DAC72A /* WeatherEntity */,
				CED8C4622BD7CEAE000890A5 /* CountryList.swift */,
				CE66DC3C2C048A69005CE512 /* Coordinates.swift */,
			);
			path = Entity;
			sourceTree = "<group>";
		};
		CE61DC962BCE6A0B00DAC72A /* WeatherEntity */ = {
			isa = PBXGroup;
			children = (
				CEF505DC2BC691650087406E /* WeatherData.swift */,
				CEF505DE2BC6A1660087406E /* WeatherInfo.swift */,
			);
			path = WeatherEntity;
			sourceTree = "<group>";
		};
		CE61DC972BCE6AAA00DAC72A /* Resources */ = {
			isa = PBXGroup;
			children = (
				CE1B0FB32BBD91AD00214119 /* Assets.xcassets */,
				CE1B0FB52BBD91AD00214119 /* LaunchScreen.storyboard */,
				CE736B7F2BDA621A0060E4F1 /* CountryDataModel.xcdatamodeld */,
				CE66DC372C048519005CE512 /* CoordinatesDataModel.xcdatamodeld */,
			);
			path = Resources;
			sourceTree = "<group>";
		};
		CE61DC982BCE6B5000DAC72A /* ApiClient */ = {
			isa = PBXGroup;
			children = (
				CEF505D72BC66BC00087406E /* WeatherNetworkManager.swift */,
				CED8C45E2BD7C493000890A5 /* CountriesApiClient.swift */,
				CED8C45A2BD7AC95000890A5 /* RequestBuilder .swift */,
			);
			path = ApiClient;
			sourceTree = "<group>";
		};
		CE9CF1762BFF3735005B8416 /* Geolocation */ = {
			isa = PBXGroup;
			children = (
				CE9CF1772BFF377D005B8416 /* GeolocationViewController.swift */,
			);
			path = Geolocation;
			sourceTree = "<group>";
		};
		CEABBA3A2C08593D0031C27C /* DeeplinkHandler */ = {
			isa = PBXGroup;
			children = (
				CEABBA3B2C085E660031C27C /* DeeplinkHandlerProtocol.swift */,
				CEABBA3F2C0862ED0031C27C /* CarsDeeplinkHandler.swift */,
				CEABBA3D2C085F030031C27C /* DeeplinkCoordinator.swift */,
			);
			path = DeeplinkHandler;
			sourceTree = "<group>";
		};
		CEBB27DA2BC401A800076C3F /* Views */ = {
			isa = PBXGroup;
			children = (
				CEBB27DB2BC401EA00076C3F /* CoverView.swift */,
				CEBF8CD82BD28946003D9B70 /* CountryListTableViewCell.swift */,
				CEBDC12F2BD66C7900458148 /* DetailCountryCollectionViewCell.swift */,
			);
			path = Views;
			sourceTree = "<group>";
		};
		CEBDC12C2BD663D300458148 /* Types */ = {
			isa = PBXGroup;
			children = (
				CEBDC12D2BD663E800458148 /* Foundation .swift */,
			);
			path = Types;
			sourceTree = "<group>";
		};
		CED2041D2BD93761006CFE91 /* Services  */ = {
			isa = PBXGroup;
			children = (
				CEABBA3A2C08593D0031C27C /* DeeplinkHandler */,
				CE736B822BDA63910060E4F1 /* CoreDataService.swift */,
				CE26D7FE2BE371EF00D30A64 /* CachingService .swift */,
			);
			path = "Services ";
			sourceTree = "<group>";
		};
		CED8C4642BD7D749000890A5 /* Extensions */ = {
			isa = PBXGroup;
			children = (
				CED8C4652BD7D761000890A5 /* Extension + UIImageView .swift */,
				CE736B842BDB91370060E4F1 /* Extension + Int.swift */,
				CE736B862BDB91F80060E4F1 /* Extension + UITableViewCell .swift */,
				CE736B882BDB922E0060E4F1 /* Extension + UICollectionViewCell .swift */,
			);
			path = Extensions;
			sourceTree = "<group>";
		};
		CED8C4672BD7F2AA000890A5 /* Provider */ = {
			isa = PBXGroup;
			children = (
				CED8C4682BD7F2CE000890A5 /* CountriesProvider.swift */,
				CE26D8002BE3930300D30A64 /* DetailCountryProvider.swift */,
				CE66DC3A2C0489E2005CE512 /* GeolocationProvider.swift */,
			);
			path = Provider;
			sourceTree = "<group>";
		};
		CEE852EB2C07524200428AD4 /* CarsDeeplink */ = {
			isa = PBXGroup;
			children = (
				CEABBA412C0884C50031C27C /* CarsListViewController .swift */,
				CEABBA432C08919B0031C27C /* CarTableViewCell.swift */,
				CEABBA452C08A2F60031C27C /* DetailCarInfoViewController.swift */,
				CEE852EC2C075E8E00428AD4 /* CarView .swift */,
				CEE852EE2C0771E800428AD4 /* BmwViewController.swift */,
				CEE852F22C077D9200428AD4 /* AudiViewController.swift */,
				CEE852F02C077A6A00428AD4 /* CarModel.swift */,
			);
			path = CarsDeeplink;
			sourceTree = "<group>";
		};
		CEF505DB2BC6914A0087406E /* Model */ = {
			isa = PBXGroup;
			children = (
				CED8C4672BD7F2AA000890A5 /* Provider */,
				CED2041D2BD93761006CFE91 /* Services  */,
				CE61DC982BCE6B5000DAC72A /* ApiClient */,
				CE61DC952BCE69FA00DAC72A /* Entity */,
			);
			path = Model;
			sourceTree = "<group>";
		};
/* End PBXGroup section */

/* Begin PBXNativeTarget section */
		CE1B0FA62BBD91AC00214119 /* TasksApp */ = {
			isa = PBXNativeTarget;
			buildConfigurationList = CE1B0FBB2BBD91AD00214119 /* Build configuration list for PBXNativeTarget "TasksApp" */;
			buildPhases = (
				CE1B0FA32BBD91AC00214119 /* Sources */,
				CE1B0FA42BBD91AC00214119 /* Frameworks */,
				CE1B0FA52BBD91AC00214119 /* Resources */,
			);
			buildRules = (
			);
			dependencies = (
			);
			name = TasksApp;
			packageProductDependencies = (
				CE560A522BC5667B00E0CEE7 /* Alamofire */,
				CEF505E12BC6C2020087406E /* SnapKit */,
			);
			productName = TasksApp;
			productReference = CE1B0FA72BBD91AC00214119 /* TasksApp.app */;
			productType = "com.apple.product-type.application";
		};
/* End PBXNativeTarget section */

/* Begin PBXProject section */
		CE1B0F9F2BBD91AC00214119 /* Project object */ = {
			isa = PBXProject;
			attributes = {
				BuildIndependentTargetsInParallel = 1;
				LastSwiftUpdateCheck = 1530;
				LastUpgradeCheck = 1530;
				TargetAttributes = {
					CE1B0FA62BBD91AC00214119 = {
						CreatedOnToolsVersion = 15.3;
					};
				};
			};
			buildConfigurationList = CE1B0FA22BBD91AC00214119 /* Build configuration list for PBXProject "TasksApp" */;
			compatibilityVersion = "Xcode 14.0";
			developmentRegion = en;
			hasScannedForEncodings = 0;
			knownRegions = (
				en,
				Base,
			);
			mainGroup = CE1B0F9E2BBD91AC00214119;
			packageReferences = (
				CE560A512BC5667B00E0CEE7 /* XCRemoteSwiftPackageReference "Alamofire" */,
				CEF505E02BC6C2020087406E /* XCRemoteSwiftPackageReference "SnapKit" */,
			);
			productRefGroup = CE1B0FA82BBD91AC00214119 /* Products */;
			projectDirPath = "";
			projectRoot = "";
			targets = (
				CE1B0FA62BBD91AC00214119 /* TasksApp */,
			);
		};
/* End PBXProject section */

/* Begin PBXResourcesBuildPhase section */
		CE1B0FA52BBD91AC00214119 /* Resources */ = {
			isa = PBXResourcesBuildPhase;
			buildActionMask = 2147483647;
			files = (
				CE1B0FB42BBD91AD00214119 /* Assets.xcassets in Resources */,
				CEF505DA2BC66C340087406E /* Config.plist in Resources */,
				CE1B0FB72BBD91AD00214119 /* Base in Resources */,
			);
			runOnlyForDeploymentPostprocessing = 0;
		};
/* End PBXResourcesBuildPhase section */

/* Begin PBXSourcesBuildPhase section */
		CE1B0FA32BBD91AC00214119 /* Sources */ = {
			isa = PBXSourcesBuildPhase;
			buildActionMask = 2147483647;
			files = (
				CE1B0FC22BBD92F700214119 /* HomeViewController.swift in Sources */,
				CEE852F12C077A6A00428AD4 /* CarModel.swift in Sources */,
				CE1B0FC92BBD934100214119 /* Task3ViewController.swift in Sources */,
				CED8C45F2BD7C493000890A5 /* CountriesApiClient.swift in Sources */,
				CEF505D82BC66BC00087406E /* WeatherNetworkManager.swift in Sources */,
				CED8C45B2BD7AC95000890A5 /* RequestBuilder .swift in Sources */,
				CE61DCB22BCEB24E00DAC72A /* DI.swift in Sources */,
				CE26D7FF2BE371EF00D30A64 /* CachingService .swift in Sources */,
				CEBB27DC2BC401EA00076C3F /* CoverView.swift in Sources */,
				CEABBA402C0862ED0031C27C /* CarsDeeplinkHandler.swift in Sources */,
				CEE852F32C077D9200428AD4 /* AudiViewController.swift in Sources */,
				CE736B892BDB922E0060E4F1 /* Extension + UICollectionViewCell .swift in Sources */,
				CEABBA422C0884C50031C27C /* CarsListViewController .swift in Sources */,
				CE61DCB42BCEB44300DAC72A /* Coordinator .swift in Sources */,
				CE61DCBA2BCEB67200DAC72A /* MenuCoordinator.swift in Sources */,
				CED8C4692BD7F2CE000890A5 /* CountriesProvider.swift in Sources */,
				CE1B0FAF2BBD91AC00214119 /* ContainerViewController.swift in Sources */,
				CEBF8CD92BD28946003D9B70 /* CountryListTableViewCell.swift in Sources */,
				CE9CF1782BFF377D005B8416 /* GeolocationViewController.swift in Sources */,
				CEE852ED2C075E8E00428AD4 /* CarView .swift in Sources */,
				CE61DCB62BCEB4F800DAC72A /* Router.swift in Sources */,
				CE26D8012BE3930300D30A64 /* DetailCountryProvider.swift in Sources */,
				CEABBA462C08A2F60031C27C /* DetailCarInfoViewController.swift in Sources */,
				CEF505DD2BC691650087406E /* WeatherData.swift in Sources */,
				CE736B872BDB91F80060E4F1 /* Extension + UITableViewCell .swift in Sources */,
				CEBDC12E2BD663E800458148 /* Foundation .swift in Sources */,
				CED8C4632BD7CEAE000890A5 /* CountryList.swift in Sources */,
				CEABBA3E2C085F030031C27C /* DeeplinkCoordinator.swift in Sources */,
				CE736B812BDA621A0060E4F1 /* CountryDataModel.xcdatamodeld in Sources */,
				CE1B0FC72BBD933A00214119 /* CountryListViewController.swift in Sources */,
				CE736B832BDA63910060E4F1 /* CoreDataService.swift in Sources */,
				CEBDC12B2BD65FEE00458148 /* DetailCountryViewController .swift in Sources */,
				CE1B0FAB2BBD91AC00214119 /* AppDelegate.swift in Sources */,
				CEF505DF2BC6A1660087406E /* WeatherInfo.swift in Sources */,
				CE1B0FC52BBD933100214119 /* WeatherViewController.swift in Sources */,
				CEABBA3C2C085E660031C27C /* DeeplinkHandlerProtocol.swift in Sources */,
				CEABBA442C08919B0031C27C /* CarTableViewCell.swift in Sources */,
				CE736B852BDB91370060E4F1 /* Extension + Int.swift in Sources */,
				CEBDC1322BD6742600458148 /* CountryBottomSheetController.swift in Sources */,
				CEE852EF2C0771E800428AD4 /* BmwViewController.swift in Sources */,
				CED8C4662BD7D761000890A5 /* Extension + UIImageView .swift in Sources */,
				CE66DC392C048519005CE512 /* CoordinatesDataModel.xcdatamodeld in Sources */,
				CEBDC1302BD66C7900458148 /* DetailCountryCollectionViewCell.swift in Sources */,
				CE1B0FAD2BBD91AC00214119 /* SceneDelegate.swift in Sources */,
				CED8C4572BD7A234000890A5 /* CountriesConfiguration .swift in Sources */,
				CE1B0FC02BBD92CD00214119 /* MenuViewController.swift in Sources */,
				CE66DC3B2C0489E2005CE512 /* GeolocationProvider.swift in Sources */,
				CED8C4552BD7A1F1000890A5 /* Configuration .swift in Sources */,
				CE61DCB82BCEB51600DAC72A /* ApplicationCoordinator.swift in Sources */,
				CE66DC3D2C048A69005CE512 /* Coordinates.swift in Sources */,
			);
			runOnlyForDeploymentPostprocessing = 0;
		};
/* End PBXSourcesBuildPhase section */

/* Begin PBXVariantGroup section */
		CE1B0FB52BBD91AD00214119 /* LaunchScreen.storyboard */ = {
			isa = PBXVariantGroup;
			children = (
				CE1B0FB62BBD91AD00214119 /* Base */,
			);
			name = LaunchScreen.storyboard;
			sourceTree = "<group>";
		};
/* End PBXVariantGroup section */

/* Begin XCBuildConfiguration section */
		CE1B0FB92BBD91AD00214119 /* Debug */ = {
			isa = XCBuildConfiguration;
			buildSettings = {
				ALWAYS_SEARCH_USER_PATHS = NO;
				ASSETCATALOG_COMPILER_GENERATE_SWIFT_ASSET_SYMBOL_EXTENSIONS = YES;
				CLANG_ANALYZER_NONNULL = YES;
				CLANG_ANALYZER_NUMBER_OBJECT_CONVERSION = YES_AGGRESSIVE;
				CLANG_CXX_LANGUAGE_STANDARD = "gnu++20";
				CLANG_ENABLE_MODULES = YES;
				CLANG_ENABLE_OBJC_ARC = YES;
				CLANG_ENABLE_OBJC_WEAK = YES;
				CLANG_WARN_BLOCK_CAPTURE_AUTORELEASING = YES;
				CLANG_WARN_BOOL_CONVERSION = YES;
				CLANG_WARN_COMMA = YES;
				CLANG_WARN_CONSTANT_CONVERSION = YES;
				CLANG_WARN_DEPRECATED_OBJC_IMPLEMENTATIONS = YES;
				CLANG_WARN_DIRECT_OBJC_ISA_USAGE = YES_ERROR;
				CLANG_WARN_DOCUMENTATION_COMMENTS = YES;
				CLANG_WARN_EMPTY_BODY = YES;
				CLANG_WARN_ENUM_CONVERSION = YES;
				CLANG_WARN_INFINITE_RECURSION = YES;
				CLANG_WARN_INT_CONVERSION = YES;
				CLANG_WARN_NON_LITERAL_NULL_CONVERSION = YES;
				CLANG_WARN_OBJC_IMPLICIT_RETAIN_SELF = YES;
				CLANG_WARN_OBJC_LITERAL_CONVERSION = YES;
				CLANG_WARN_OBJC_ROOT_CLASS = YES_ERROR;
				CLANG_WARN_QUOTED_INCLUDE_IN_FRAMEWORK_HEADER = YES;
				CLANG_WARN_RANGE_LOOP_ANALYSIS = YES;
				CLANG_WARN_STRICT_PROTOTYPES = YES;
				CLANG_WARN_SUSPICIOUS_MOVE = YES;
				CLANG_WARN_UNGUARDED_AVAILABILITY = YES_AGGRESSIVE;
				CLANG_WARN_UNREACHABLE_CODE = YES;
				CLANG_WARN__DUPLICATE_METHOD_MATCH = YES;
				COPY_PHASE_STRIP = NO;
				DEBUG_INFORMATION_FORMAT = dwarf;
				ENABLE_STRICT_OBJC_MSGSEND = YES;
				ENABLE_TESTABILITY = YES;
				ENABLE_USER_SCRIPT_SANDBOXING = YES;
				GCC_C_LANGUAGE_STANDARD = gnu17;
				GCC_DYNAMIC_NO_PIC = NO;
				GCC_NO_COMMON_BLOCKS = YES;
				GCC_OPTIMIZATION_LEVEL = 0;
				GCC_PREPROCESSOR_DEFINITIONS = (
					"DEBUG=1",
					"$(inherited)",
				);
				GCC_WARN_64_TO_32_BIT_CONVERSION = YES;
				GCC_WARN_ABOUT_RETURN_TYPE = YES_ERROR;
				GCC_WARN_UNDECLARED_SELECTOR = YES;
				GCC_WARN_UNINITIALIZED_AUTOS = YES_AGGRESSIVE;
				GCC_WARN_UNUSED_FUNCTION = YES;
				GCC_WARN_UNUSED_VARIABLE = YES;
				IPHONEOS_DEPLOYMENT_TARGET = 17.4;
				LOCALIZATION_PREFERS_STRING_CATALOGS = YES;
				MTL_ENABLE_DEBUG_INFO = INCLUDE_SOURCE;
				MTL_FAST_MATH = YES;
				ONLY_ACTIVE_ARCH = YES;
				SDKROOT = iphoneos;
				SWIFT_ACTIVE_COMPILATION_CONDITIONS = "DEBUG $(inherited)";
				SWIFT_OPTIMIZATION_LEVEL = "-Onone";
			};
			name = Debug;
		};
		CE1B0FBA2BBD91AD00214119 /* Release */ = {
			isa = XCBuildConfiguration;
			buildSettings = {
				ALWAYS_SEARCH_USER_PATHS = NO;
				ASSETCATALOG_COMPILER_GENERATE_SWIFT_ASSET_SYMBOL_EXTENSIONS = YES;
				CLANG_ANALYZER_NONNULL = YES;
				CLANG_ANALYZER_NUMBER_OBJECT_CONVERSION = YES_AGGRESSIVE;
				CLANG_CXX_LANGUAGE_STANDARD = "gnu++20";
				CLANG_ENABLE_MODULES = YES;
				CLANG_ENABLE_OBJC_ARC = YES;
				CLANG_ENABLE_OBJC_WEAK = YES;
				CLANG_WARN_BLOCK_CAPTURE_AUTORELEASING = YES;
				CLANG_WARN_BOOL_CONVERSION = YES;
				CLANG_WARN_COMMA = YES;
				CLANG_WARN_CONSTANT_CONVERSION = YES;
				CLANG_WARN_DEPRECATED_OBJC_IMPLEMENTATIONS = YES;
				CLANG_WARN_DIRECT_OBJC_ISA_USAGE = YES_ERROR;
				CLANG_WARN_DOCUMENTATION_COMMENTS = YES;
				CLANG_WARN_EMPTY_BODY = YES;
				CLANG_WARN_ENUM_CONVERSION = YES;
				CLANG_WARN_INFINITE_RECURSION = YES;
				CLANG_WARN_INT_CONVERSION = YES;
				CLANG_WARN_NON_LITERAL_NULL_CONVERSION = YES;
				CLANG_WARN_OBJC_IMPLICIT_RETAIN_SELF = YES;
				CLANG_WARN_OBJC_LITERAL_CONVERSION = YES;
				CLANG_WARN_OBJC_ROOT_CLASS = YES_ERROR;
				CLANG_WARN_QUOTED_INCLUDE_IN_FRAMEWORK_HEADER = YES;
				CLANG_WARN_RANGE_LOOP_ANALYSIS = YES;
				CLANG_WARN_STRICT_PROTOTYPES = YES;
				CLANG_WARN_SUSPICIOUS_MOVE = YES;
				CLANG_WARN_UNGUARDED_AVAILABILITY = YES_AGGRESSIVE;
				CLANG_WARN_UNREACHABLE_CODE = YES;
				CLANG_WARN__DUPLICATE_METHOD_MATCH = YES;
				COPY_PHASE_STRIP = NO;
				DEBUG_INFORMATION_FORMAT = "dwarf-with-dsym";
				ENABLE_NS_ASSERTIONS = NO;
				ENABLE_STRICT_OBJC_MSGSEND = YES;
				ENABLE_USER_SCRIPT_SANDBOXING = YES;
				GCC_C_LANGUAGE_STANDARD = gnu17;
				GCC_NO_COMMON_BLOCKS = YES;
				GCC_WARN_64_TO_32_BIT_CONVERSION = YES;
				GCC_WARN_ABOUT_RETURN_TYPE = YES_ERROR;
				GCC_WARN_UNDECLARED_SELECTOR = YES;
				GCC_WARN_UNINITIALIZED_AUTOS = YES_AGGRESSIVE;
				GCC_WARN_UNUSED_FUNCTION = YES;
				GCC_WARN_UNUSED_VARIABLE = YES;
				IPHONEOS_DEPLOYMENT_TARGET = 17.4;
				LOCALIZATION_PREFERS_STRING_CATALOGS = YES;
				MTL_ENABLE_DEBUG_INFO = NO;
				MTL_FAST_MATH = YES;
				SDKROOT = iphoneos;
				SWIFT_COMPILATION_MODE = wholemodule;
				VALIDATE_PRODUCT = YES;
			};
			name = Release;
		};
		CE1B0FBC2BBD91AD00214119 /* Debug */ = {
			isa = XCBuildConfiguration;
			buildSettings = {
				ASSETCATALOG_COMPILER_APPICON_NAME = AppIcon;
				ASSETCATALOG_COMPILER_GLOBAL_ACCENT_COLOR_NAME = AccentColor;
				CODE_SIGN_STYLE = Automatic;
				CURRENT_PROJECT_VERSION = 1;
				GENERATE_INFOPLIST_FILE = YES;
				INFOPLIST_FILE = TasksApp/Configuration/Info.plist;
				INFOPLIST_KEY_NSLocationAlwaysAndWhenInUseUsageDescription = "This app need your location to provide best feature based on location";
				INFOPLIST_KEY_NSLocationWhenInUseUsageDescription = "This app need your location to provide best feature based on location";
				INFOPLIST_KEY_UIApplicationSupportsIndirectInputEvents = YES;
				INFOPLIST_KEY_UILaunchStoryboardName = LaunchScreen;
				INFOPLIST_KEY_UISupportedInterfaceOrientations = UIInterfaceOrientationPortrait;
				INFOPLIST_KEY_UISupportedInterfaceOrientations_iPad = "UIInterfaceOrientationLandscapeLeft UIInterfaceOrientationLandscapeRight UIInterfaceOrientationPortrait UIInterfaceOrientationPortraitUpsideDown";
				LD_RUNPATH_SEARCH_PATHS = (
					"$(inherited)",
					"@executable_path/Frameworks",
				);
				MARKETING_VERSION = 1.0;
				PRODUCT_BUNDLE_IDENTIFIER = "tech.fojin-kozlovsky.roman.TasksApp";
				PRODUCT_NAME = "$(TARGET_NAME)";
				SUPPORTED_PLATFORMS = "iphoneos iphonesimulator";
				SUPPORTS_MACCATALYST = NO;
				SUPPORTS_MAC_DESIGNED_FOR_IPHONE_IPAD = NO;
				SUPPORTS_XR_DESIGNED_FOR_IPHONE_IPAD = NO;
				SWIFT_EMIT_LOC_STRINGS = YES;
				SWIFT_VERSION = 5.0;
				TARGETED_DEVICE_FAMILY = 1;
			};
			name = Debug;
		};
		CE1B0FBD2BBD91AD00214119 /* Release */ = {
			isa = XCBuildConfiguration;
			buildSettings = {
				ASSETCATALOG_COMPILER_APPICON_NAME = AppIcon;
				ASSETCATALOG_COMPILER_GLOBAL_ACCENT_COLOR_NAME = AccentColor;
				CODE_SIGN_STYLE = Automatic;
				CURRENT_PROJECT_VERSION = 1;
				GENERATE_INFOPLIST_FILE = YES;
				INFOPLIST_FILE = TasksApp/Configuration/Info.plist;
				INFOPLIST_KEY_NSLocationAlwaysAndWhenInUseUsageDescription = "This app need your location to provide best feature based on location";
				INFOPLIST_KEY_NSLocationWhenInUseUsageDescription = "This app need your location to provide best feature based on location";
				INFOPLIST_KEY_UIApplicationSupportsIndirectInputEvents = YES;
				INFOPLIST_KEY_UILaunchStoryboardName = LaunchScreen;
				INFOPLIST_KEY_UISupportedInterfaceOrientations = UIInterfaceOrientationPortrait;
				INFOPLIST_KEY_UISupportedInterfaceOrientations_iPad = "UIInterfaceOrientationLandscapeLeft UIInterfaceOrientationLandscapeRight UIInterfaceOrientationPortrait UIInterfaceOrientationPortraitUpsideDown";
				LD_RUNPATH_SEARCH_PATHS = (
					"$(inherited)",
					"@executable_path/Frameworks",
				);
				MARKETING_VERSION = 1.0;
				PRODUCT_BUNDLE_IDENTIFIER = "tech.fojin-kozlovsky.roman.TasksApp";
				PRODUCT_NAME = "$(TARGET_NAME)";
				SUPPORTED_PLATFORMS = "iphoneos iphonesimulator";
				SUPPORTS_MACCATALYST = NO;
				SUPPORTS_MAC_DESIGNED_FOR_IPHONE_IPAD = NO;
				SUPPORTS_XR_DESIGNED_FOR_IPHONE_IPAD = NO;
				SWIFT_EMIT_LOC_STRINGS = YES;
				SWIFT_VERSION = 5.0;
				TARGETED_DEVICE_FAMILY = 1;
			};
			name = Release;
		};
/* End XCBuildConfiguration section */

/* Begin XCConfigurationList section */
		CE1B0FA22BBD91AC00214119 /* Build configuration list for PBXProject "TasksApp" */ = {
			isa = XCConfigurationList;
			buildConfigurations = (
				CE1B0FB92BBD91AD00214119 /* Debug */,
				CE1B0FBA2BBD91AD00214119 /* Release */,
			);
			defaultConfigurationIsVisible = 0;
			defaultConfigurationName = Release;
		};
		CE1B0FBB2BBD91AD00214119 /* Build configuration list for PBXNativeTarget "TasksApp" */ = {
			isa = XCConfigurationList;
			buildConfigurations = (
				CE1B0FBC2BBD91AD00214119 /* Debug */,
				CE1B0FBD2BBD91AD00214119 /* Release */,
			);
			defaultConfigurationIsVisible = 0;
			defaultConfigurationName = Release;
		};
/* End XCConfigurationList section */

/* Begin XCRemoteSwiftPackageReference section */
		CE560A512BC5667B00E0CEE7 /* XCRemoteSwiftPackageReference "Alamofire" */ = {
			isa = XCRemoteSwiftPackageReference;
			repositoryURL = "https://github.com/Alamofire/Alamofire.git";
			requirement = {
				kind = upToNextMajorVersion;
				minimumVersion = 5.9.1;
			};
		};
		CEF505E02BC6C2020087406E /* XCRemoteSwiftPackageReference "SnapKit" */ = {
			isa = XCRemoteSwiftPackageReference;
			repositoryURL = "https://github.com/SnapKit/SnapKit.git";
			requirement = {
				kind = upToNextMajorVersion;
				minimumVersion = 5.7.1;
			};
		};
/* End XCRemoteSwiftPackageReference section */

/* Begin XCSwiftPackageProductDependency section */
		CE560A522BC5667B00E0CEE7 /* Alamofire */ = {
			isa = XCSwiftPackageProductDependency;
			package = CE560A512BC5667B00E0CEE7 /* XCRemoteSwiftPackageReference "Alamofire" */;
			productName = Alamofire;
		};
		CEF505E12BC6C2020087406E /* SnapKit */ = {
			isa = XCSwiftPackageProductDependency;
			package = CEF505E02BC6C2020087406E /* XCRemoteSwiftPackageReference "SnapKit" */;
			productName = SnapKit;
		};
/* End XCSwiftPackageProductDependency section */

/* Begin XCVersionGroup section */
		CE66DC372C048519005CE512 /* CoordinatesDataModel.xcdatamodeld */ = {
			isa = XCVersionGroup;
			children = (
				CE66DC382C048519005CE512 /* CoordinatesDataModel.xcdatamodel */,
			);
			currentVersion = CE66DC382C048519005CE512 /* CoordinatesDataModel.xcdatamodel */;
			name = CoordinatesDataModel.xcdatamodeld;
			path = /Users/user/Desktop/TasksApp/TasksApp/TasksApp/Resources/CoordinatesDataModel.xcdatamodeld;
			sourceTree = "<group>";
			versionGroupType = wrapper.xcdatamodel;
		};
		CE736B7F2BDA621A0060E4F1 /* CountryDataModel.xcdatamodeld */ = {
			isa = XCVersionGroup;
			children = (
				CE736B802BDA621A0060E4F1 /* CountryDataModel.xcdatamodel */,
			);
			currentVersion = CE736B802BDA621A0060E4F1 /* CountryDataModel.xcdatamodel */;
			name = CountryDataModel.xcdatamodeld;
			path = /Users/user/Desktop/TasksApp/TasksApp/TasksApp/Resources/CountryDataModel.xcdatamodeld;
			sourceTree = "<group>";
			versionGroupType = wrapper.xcdatamodel;
		};
/* End XCVersionGroup section */
	};
	rootObject = CE1B0F9F2BBD91AC00214119 /* Project object */;
}
